
Microsoft Visual Studio Solution File, Format Version 12.00
# Visual Studio 15
VisualStudioVersion = 15.0.27703.2035
MinimumVisualStudioVersion = 10.0.40219.1
Project("{FAE04EC0-301F-11D3-BF4B-00C04F79EFBC}") = "Repositorio.DAL", "Repositorio.DAL\Repositorio.DAL.csproj", "{5E548A25-227D-4456-9458-1A780A48A71B}"
EndProject
Project("{FAE04EC0-301F-11D3-BF4B-00C04F79EFBC}") = "Repositorio.Entidades", "Repositorio.Entidades\Repositorio.Entidades.csproj", "{EC3770AF-5BE7-4697-9689-07658115E0A3}"
EndProject
Project("{FAE04EC0-301F-11D3-BF4B-00C04F79EFBC}") = "Repositorio.Console", "Repositorio.Console\Repositorio.Console.csproj", "{66B9C2C5-5F0B-4E7B-B862-F818D993DF94}"
EndProject
Global
	GlobalSection(SolutionConfigurationPlatforms) = preSolution
		Debug|Any CPU = Debug|Any CPU
		Release|Any CPU = Release|Any CPU
	EndGlobalSection
	GlobalSection(ProjectConfigurationPlatforms) = postSolution
		{5E548A25-227D-4456-9458-1A780A48A71B}.Debug|Any CPU.ActiveCfg = Debug|Any CPU
		{5E548A25-227D-4456-9458-1A780A48A71B}.Debug|Any CPU.Build.0 = Debug|Any CPU
		{5E548A25-227D-4456-9458-1A780A48A71B}.Release|Any CPU.ActiveCfg = Release|Any CPU
		{5E548A25-227D-4456-9458-1A780A48A71B}.Release|Any CPU.Build.0 = Release|Any CPU
		{EC3770AF-5BE7-4697-9689-07658115E0A3}.Debug|Any CPU.ActiveCfg = Debug|Any CPU
		{EC3770AF-5BE7-4697-9689-07658115E0A3}.Debug|Any CPU.Build.0 = Debug|Any CPU
		{EC3770AF-5BE7-4697-9689-07658115E0A3}.Release|Any CPU.ActiveCfg = Release|Any CPU
		{EC3770AF-5BE7-4697-9689-07658115E0A3}.Release|Any CPU.Build.0 = Release|Any CPU
		{66B9C2C5-5F0B-4E7B-B862-F818D993DF94}.Debug|Any CPU.ActiveCfg = Debug|Any CPU
		{66B9C2C5-5F0B-4E7B-B862-F818D993DF94}.Debug|Any CPU.Build.0 = Debug|Any CPU
		{66B9C2C5-5F0B-4E7B-B862-F818D993DF94}.Release|Any CPU.ActiveCfg = Release|Any CPU
		{66B9C2C5-5F0B-4E7B-B862-F818D993DF94}.Release|Any CPU.Build.0 = Release|Any CPU
	EndGlobalSection
	GlobalSection(SolutionProperties) = preSolution
		HideSolutionNode = FALSE
	EndGlobalSection
	GlobalSection(ExtensibilityGlobals) = postSolution
		SolutionGuid = {1C3B9421-32E4-45F9-9757-961D6941B4E6}
	EndGlobalSection
EndGlobal
