
Microsoft Visual Studio Solution File, Format Version 12.00
# Visual Studio 15
VisualStudioVersion = 15.0.27703.2000
MinimumVisualStudioVersion = 10.0.40219.1
Project("{FAE04EC0-301F-11D3-BF4B-00C04F79EFBC}") = "Locadora_Carros", "Locadora_Carros\Locadora_Carros.csproj", "{23EA1AE9-E222-43B0-9985-866544865C8A}"
EndProject
Global
	GlobalSection(SolutionConfigurationPlatforms) = preSolution
		Debug|Any CPU = Debug|Any CPU
		Release|Any CPU = Release|Any CPU
	EndGlobalSection
	GlobalSection(ProjectConfigurationPlatforms) = postSolution
		{23EA1AE9-E222-43B0-9985-866544865C8A}.Debug|Any CPU.ActiveCfg = Debug|Any CPU
		{23EA1AE9-E222-43B0-9985-866544865C8A}.Debug|Any CPU.Build.0 = Debug|Any CPU
		{23EA1AE9-E222-43B0-9985-866544865C8A}.Release|Any CPU.ActiveCfg = Release|Any CPU
		{23EA1AE9-E222-43B0-9985-866544865C8A}.Release|Any CPU.Build.0 = Release|Any CPU
	EndGlobalSection
	GlobalSection(SolutionProperties) = preSolution
		HideSolutionNode = FALSE
	EndGlobalSection
	GlobalSection(ExtensibilityGlobals) = postSolution
		SolutionGuid = {4FCF94AE-1EDD-41A3-9D1B-3D1B0F7993AD}
	EndGlobalSection
EndGlobal
